
Microsoft Visual Studio Solution File, Format Version 12.00
# Visual Studio Version 18
VisualStudioVersion = 18.4.11626.88 stable
MinimumVisualStudioVersion = 10.0.40219.1
Project("{FAE04EC0-301F-11D3-BF4B-00C04F79EFBC}") = "QRMenuAPI", "QRMenuAPI.csproj", "{2AEAFC12-F022-17CB-1513-1CAD67D7EA2F}"
EndProject
Global
	GlobalSection(SolutionConfigurationPlatforms) = preSolution
		Debug|Any CPU = Debug|Any CPU
		Release|Any CPU = Release|Any CPU
	EndGlobalSection
	GlobalSection(ProjectConfigurationPlatforms) = postSolution
		{2AEAFC12-F022-17CB-1513-1CAD67D7EA2F}.Debug|Any CPU.ActiveCfg = Debug|Any CPU
		{2AEAFC12-F022-17CB-1513-1CAD67D7EA2F}.Debug|Any CPU.Build.0 = Debug|Any CPU
		{2AEAFC12-F022-17CB-1513-1CAD67D7EA2F}.Release|Any CPU.ActiveCfg = Release|Any CPU
		{2AEAFC12-F022-17CB-1513-1CAD67D7EA2F}.Release|Any CPU.Build.0 = Release|Any CPU
	EndGlobalSection
	GlobalSection(SolutionProperties) = preSolution
		HideSolutionNode = FALSE
	EndGlobalSection
	GlobalSection(ExtensibilityGlobals) = postSolution
		SolutionGuid = {92502D0E-53E6-4335-A87E-65B723634ACA}
	EndGlobalSection
EndGlobal
